
Microsoft Visual Studio Solution File, Format Version 12.00
# Visual Studio 2017
Project("{FAE04EC0-301F-11D3-BF4B-00C04F79EFBC}") = "3dGameDevReset1", "3dGameDevReset1.csproj", "{F5A7B6A5-937E-A130-9873-7F95453E6E0C}"
EndProject
Global
	GlobalSection(SolutionConfigurationPlatforms) = preSolution
		Debug|Any CPU = Debug|Any CPU
		Release|Any CPU = Release|Any CPU
	EndGlobalSection
	GlobalSection(ProjectConfigurationPlatforms) = postSolution
		{F5A7B6A5-937E-A130-9873-7F95453E6E0C}.Debug|Any CPU.ActiveCfg = Debug|Any CPU
		{F5A7B6A5-937E-A130-9873-7F95453E6E0C}.Debug|Any CPU.Build.0 = Debug|Any CPU
		{F5A7B6A5-937E-A130-9873-7F95453E6E0C}.Release|Any CPU.ActiveCfg = Release|Any CPU
		{F5A7B6A5-937E-A130-9873-7F95453E6E0C}.Release|Any CPU.Build.0 = Release|Any CPU
	EndGlobalSection
	GlobalSection(SolutionProperties) = preSolution
		HideSolutionNode = FALSE
	EndGlobalSection
EndGlobal
